
Microsoft Visual Studio Solution File, Format Version 12.00
# Visual Studio Version 16
VisualStudioVersion = 16.0.31229.75
MinimumVisualStudioVersion = 10.0.40219.1
Project("{FAE04EC0-301F-11D3-BF4B-00C04F79EFBC}") = "Emprunts", "Emprunts.csproj", "{1F43242C-A023-4E09-80B6-B6E5DFF4AD1D}"
EndProject
Project("{FAE04EC0-301F-11D3-BF4B-00C04F79EFBC}") = "ClassLibraryCalculFinancier", "ClassLibraryCalculFinancier\ClassLibraryCalculFinancier.csproj", "{9E86D422-6B6A-454B-AE4E-66F8781AAD30}"
EndProject
Project("{FAE04EC0-301F-11D3-BF4B-00C04F79EFBC}") = "ConsoleApp1", "..\ConsoleApp1\ConsoleApp1.csproj", "{BBA03909-52B9-4B32-AE4A-DBD164F54CE5}"
EndProject
Global
	GlobalSection(SolutionConfigurationPlatforms) = preSolution
		Debug|Any CPU = Debug|Any CPU
		Release|Any CPU = Release|Any CPU
	EndGlobalSection
	GlobalSection(ProjectConfigurationPlatforms) = postSolution
		{1F43242C-A023-4E09-80B6-B6E5DFF4AD1D}.Debug|Any CPU.ActiveCfg = Debug|Any CPU
		{1F43242C-A023-4E09-80B6-B6E5DFF4AD1D}.Debug|Any CPU.Build.0 = Debug|Any CPU
		{1F43242C-A023-4E09-80B6-B6E5DFF4AD1D}.Release|Any CPU.ActiveCfg = Release|Any CPU
		{1F43242C-A023-4E09-80B6-B6E5DFF4AD1D}.Release|Any CPU.Build.0 = Release|Any CPU
		{9E86D422-6B6A-454B-AE4E-66F8781AAD30}.Debug|Any CPU.ActiveCfg = Debug|Any CPU
		{9E86D422-6B6A-454B-AE4E-66F8781AAD30}.Debug|Any CPU.Build.0 = Debug|Any CPU
		{9E86D422-6B6A-454B-AE4E-66F8781AAD30}.Release|Any CPU.ActiveCfg = Release|Any CPU
		{9E86D422-6B6A-454B-AE4E-66F8781AAD30}.Release|Any CPU.Build.0 = Release|Any CPU
		{BBA03909-52B9-4B32-AE4A-DBD164F54CE5}.Debug|Any CPU.ActiveCfg = Debug|Any CPU
		{BBA03909-52B9-4B32-AE4A-DBD164F54CE5}.Debug|Any CPU.Build.0 = Debug|Any CPU
		{BBA03909-52B9-4B32-AE4A-DBD164F54CE5}.Release|Any CPU.ActiveCfg = Release|Any CPU
		{BBA03909-52B9-4B32-AE4A-DBD164F54CE5}.Release|Any CPU.Build.0 = Release|Any CPU
	EndGlobalSection
	GlobalSection(SolutionProperties) = preSolution
		HideSolutionNode = FALSE
	EndGlobalSection
	GlobalSection(ExtensibilityGlobals) = postSolution
		SolutionGuid = {98D83CC8-FE70-4E46-89DD-0163B4D0C71B}
	EndGlobalSection
EndGlobal
