
Microsoft Visual Studio Solution File, Format Version 12.00
# Visual Studio Version 16
VisualStudioVersion = 16.0.31229.75
MinimumVisualStudioVersion = 10.0.40219.1
Project("{FAE04EC0-301F-11D3-BF4B-00C04F79EFBC}") = "Run_menu", "Run_menu.csproj", "{0AF77B51-1DD3-4F79-AF4F-E5D59A2D55FF}"
EndProject
Project("{FAE04EC0-301F-11D3-BF4B-00C04F79EFBC}") = "Additionneur", "..\Additionneur\Additionneur.csproj", "{5003B988-CC43-4CCF-B06A-428EB0E3C258}"
EndProject
Project("{FAE04EC0-301F-11D3-BF4B-00C04F79EFBC}") = "CheckBox", "..\CheckBox\CheckBox.csproj", "{447DD380-5758-48F5-A986-706132D89CA2}"
EndProject
Project("{FAE04EC0-301F-11D3-BF4B-00C04F79EFBC}") = "Saisie_Controle", "..\Saisie_Controle\Saisie_Controle.csproj", "{8F2A1E77-400F-4D29-ACDD-409C72A9B9DB}"
EndProject
Project("{FAE04EC0-301F-11D3-BF4B-00C04F79EFBC}") = "COLOR_BOX", "..\COLOR_BOX\COLOR_BOX.csproj", "{AF0A131D-4052-4009-90AE-12CA24DB5D58}"
EndProject
Project("{FAE04EC0-301F-11D3-BF4B-00C04F79EFBC}") = "Emprunts", "..\Emprunts\Emprunts.csproj", "{1F43242C-A023-4E09-80B6-B6E5DFF4AD1D}"
EndProject
Global
	GlobalSection(SolutionConfigurationPlatforms) = preSolution
		Debug|Any CPU = Debug|Any CPU
		Release|Any CPU = Release|Any CPU
	EndGlobalSection
	GlobalSection(ProjectConfigurationPlatforms) = postSolution
		{0AF77B51-1DD3-4F79-AF4F-E5D59A2D55FF}.Debug|Any CPU.ActiveCfg = Debug|Any CPU
		{0AF77B51-1DD3-4F79-AF4F-E5D59A2D55FF}.Debug|Any CPU.Build.0 = Debug|Any CPU
		{0AF77B51-1DD3-4F79-AF4F-E5D59A2D55FF}.Release|Any CPU.ActiveCfg = Release|Any CPU
		{0AF77B51-1DD3-4F79-AF4F-E5D59A2D55FF}.Release|Any CPU.Build.0 = Release|Any CPU
		{5003B988-CC43-4CCF-B06A-428EB0E3C258}.Debug|Any CPU.ActiveCfg = Debug|Any CPU
		{5003B988-CC43-4CCF-B06A-428EB0E3C258}.Debug|Any CPU.Build.0 = Debug|Any CPU
		{5003B988-CC43-4CCF-B06A-428EB0E3C258}.Release|Any CPU.ActiveCfg = Release|Any CPU
		{5003B988-CC43-4CCF-B06A-428EB0E3C258}.Release|Any CPU.Build.0 = Release|Any CPU
		{447DD380-5758-48F5-A986-706132D89CA2}.Debug|Any CPU.ActiveCfg = Debug|Any CPU
		{447DD380-5758-48F5-A986-706132D89CA2}.Debug|Any CPU.Build.0 = Debug|Any CPU
		{447DD380-5758-48F5-A986-706132D89CA2}.Release|Any CPU.ActiveCfg = Release|Any CPU
		{447DD380-5758-48F5-A986-706132D89CA2}.Release|Any CPU.Build.0 = Release|Any CPU
		{8F2A1E77-400F-4D29-ACDD-409C72A9B9DB}.Debug|Any CPU.ActiveCfg = Debug|Any CPU
		{8F2A1E77-400F-4D29-ACDD-409C72A9B9DB}.Debug|Any CPU.Build.0 = Debug|Any CPU
		{8F2A1E77-400F-4D29-ACDD-409C72A9B9DB}.Release|Any CPU.ActiveCfg = Release|Any CPU
		{8F2A1E77-400F-4D29-ACDD-409C72A9B9DB}.Release|Any CPU.Build.0 = Release|Any CPU
		{AF0A131D-4052-4009-90AE-12CA24DB5D58}.Debug|Any CPU.ActiveCfg = Debug|Any CPU
		{AF0A131D-4052-4009-90AE-12CA24DB5D58}.Debug|Any CPU.Build.0 = Debug|Any CPU
		{AF0A131D-4052-4009-90AE-12CA24DB5D58}.Release|Any CPU.ActiveCfg = Release|Any CPU
		{AF0A131D-4052-4009-90AE-12CA24DB5D58}.Release|Any CPU.Build.0 = Release|Any CPU
		{1F43242C-A023-4E09-80B6-B6E5DFF4AD1D}.Debug|Any CPU.ActiveCfg = Debug|Any CPU
		{1F43242C-A023-4E09-80B6-B6E5DFF4AD1D}.Debug|Any CPU.Build.0 = Debug|Any CPU
		{1F43242C-A023-4E09-80B6-B6E5DFF4AD1D}.Release|Any CPU.ActiveCfg = Release|Any CPU
		{1F43242C-A023-4E09-80B6-B6E5DFF4AD1D}.Release|Any CPU.Build.0 = Release|Any CPU
	EndGlobalSection
	GlobalSection(SolutionProperties) = preSolution
		HideSolutionNode = FALSE
	EndGlobalSection
	GlobalSection(ExtensibilityGlobals) = postSolution
		SolutionGuid = {EBB4A631-CA1A-4B49-91C7-C33074CBE055}
	EndGlobalSection
EndGlobal
